
Microsoft Visual Studio Solution File, Format Version 12.00
# Visual Studio 15
VisualStudioVersion = 15.0.27703.2042
MinimumVisualStudioVersion = 10.0.40219.1
Project("{2150E333-8FDC-42A3-9474-1A3956D46DE8}") = "Solution items", "Solution items", "{0A0AD2FF-C136-4728-96CC-540ECDBB6779}"
	ProjectSection(SolutionItems) = preProject
		..\LICENSE = ..\LICENSE
		..\README.md = ..\README.md
	EndProjectSection
EndProject
Project("{151D2E53-A2C4-4D7D-83FE-D05416EBD58E}") = "Deployment", "Deployment\Deployment.deployproj", "{E63DAA3C-82DA-4818-BB0F-8767917B8D74}"
EndProject
Global
	GlobalSection(SolutionConfigurationPlatforms) = preSolution
		Debug|Any CPU = Debug|Any CPU
		Release|Any CPU = Release|Any CPU
	EndGlobalSection
	GlobalSection(ProjectConfigurationPlatforms) = postSolution
		{E63DAA3C-82DA-4818-BB0F-8767917B8D74}.Debug|Any CPU.ActiveCfg = Debug|Any CPU
		{E63DAA3C-82DA-4818-BB0F-8767917B8D74}.Debug|Any CPU.Build.0 = Debug|Any CPU
		{E63DAA3C-82DA-4818-BB0F-8767917B8D74}.Release|Any CPU.ActiveCfg = Release|Any CPU
		{E63DAA3C-82DA-4818-BB0F-8767917B8D74}.Release|Any CPU.Build.0 = Release|Any CPU
	EndGlobalSection
	GlobalSection(SolutionProperties) = preSolution
		HideSolutionNode = FALSE
	EndGlobalSection
	GlobalSection(ExtensibilityGlobals) = postSolution
		SolutionGuid = {01AD3A38-4F0C-4C7E-86E3-7FE784E0410B}
	EndGlobalSection
EndGlobal
